
Microsoft Visual Studio Solution File, Format Version 12.00
# Visual Studio Version 16
VisualStudioVersion = 16.0.30523.141
MinimumVisualStudioVersion = 10.0.40219.1
Project("{F184B08F-C81C-45F6-A57F-5ABD9991F28F}") = "ASC1", "ASC1.vbproj", "{3B7B8BF3-D1B9-44E9-B14B-F5394116057D}"
EndProject
Global
	GlobalSection(SolutionConfigurationPlatforms) = preSolution
		Debug|Any CPU = Debug|Any CPU
		Release|Any CPU = Release|Any CPU
	EndGlobalSection
	GlobalSection(ProjectConfigurationPlatforms) = postSolution
		{3B7B8BF3-D1B9-44E9-B14B-F5394116057D}.Debug|Any CPU.ActiveCfg = Debug|Any CPU
		{3B7B8BF3-D1B9-44E9-B14B-F5394116057D}.Debug|Any CPU.Build.0 = Debug|Any CPU
		{3B7B8BF3-D1B9-44E9-B14B-F5394116057D}.Release|Any CPU.ActiveCfg = Release|Any CPU
		{3B7B8BF3-D1B9-44E9-B14B-F5394116057D}.Release|Any CPU.Build.0 = Release|Any CPU
	EndGlobalSection
	GlobalSection(SolutionProperties) = preSolution
		HideSolutionNode = FALSE
	EndGlobalSection
	GlobalSection(ExtensibilityGlobals) = postSolution
		SolutionGuid = {65313D7D-3377-4BC6-8588-DE1A6998D67A}
	EndGlobalSection
EndGlobal
